
Microsoft Visual Studio Solution File, Format Version 12.00
# Visual Studio Version 16
VisualStudioVersion = 16.0.31105.61
MinimumVisualStudioVersion = 10.0.40219.1
Project("{FAE04EC0-301F-11D3-BF4B-00C04F79EFBC}") = "AddressBook", "AddressBook.csproj", "{76643291-8095-40A5-A258-6B4E3EEC0275}"
EndProject
Global
	GlobalSection(SolutionConfigurationPlatforms) = preSolution
		Debug|Any CPU = Debug|Any CPU
		Release|Any CPU = Release|Any CPU
	EndGlobalSection
	GlobalSection(ProjectConfigurationPlatforms) = postSolution
		{76643291-8095-40A5-A258-6B4E3EEC0275}.Debug|Any CPU.ActiveCfg = Debug|Any CPU
		{76643291-8095-40A5-A258-6B4E3EEC0275}.Debug|Any CPU.Build.0 = Debug|Any CPU
		{76643291-8095-40A5-A258-6B4E3EEC0275}.Release|Any CPU.ActiveCfg = Release|Any CPU
		{76643291-8095-40A5-A258-6B4E3EEC0275}.Release|Any CPU.Build.0 = Release|Any CPU
	EndGlobalSection
	GlobalSection(SolutionProperties) = preSolution
		HideSolutionNode = FALSE
	EndGlobalSection
	GlobalSection(ExtensibilityGlobals) = postSolution
		SolutionGuid = {62BF32D6-B8F0-4882-B400-D38F75731F05}
	EndGlobalSection
EndGlobal
